# THIS IS AN AUTOGENERATED FILE. DO NOT EDIT THIS FILE DIRECTLY.
# yarn lockfile v1


"@types/aws-lambda@^8.10.92":
  "integrity" "sha512-dB14TltT1SNq73z3MaZfKyyBZ37NAgAFl8jze59bisR4fJ6pB6AYGxItHFkooZbN7UcVJX/cFudM4p8wp1W4rA=="
  "resolved" "https://registry.npmjs.org/@types/aws-lambda/-/aws-lambda-8.10.92.tgz"
  "version" "8.10.92"

"axios@^0.26.0":
  "integrity" "sha512-lKoGLMYtHvFrPVt3r+RBMp9nh34N0M8zEfCWqdWZx6phynIEhQqAdydpyBAAG211zlhX9Rgu08cOamy6XjE5Og=="
  "resolved" "https://registry.npmjs.org/axios/-/axios-0.26.0.tgz"
  "version" "0.26.0"
  dependencies:
    "follow-redirects" "^1.14.8"

"follow-redirects@^1.14.8":
  "integrity" "sha512-1x0S9UVJHsQprFcEC/qnNzBLcIxsjAV905f/UkQxbclCsoTWlacCNOpQa/anodLl2uaEKFhfWOvM2Qg77+15zA=="
  "resolved" "https://registry.npmjs.org/follow-redirects/-/follow-redirects-1.14.8.tgz"
  "version" "1.14.8"

"moment@^2.29.1":
  "integrity" "sha512-kHmoybcPV8Sqy59DwNDY3Jefr64lK/by/da0ViFcuA4DH0vQg5Q6Ze5VimxkfQNSC+Mls/Kx53s7TjP1RhFEDQ=="
  "resolved" "https://registry.npmjs.org/moment/-/moment-2.29.1.tgz"
  "version" "2.29.1"
